
Microsoft Visual Studio Solution File, Format Version 12.00
# Visual Studio Version 17
VisualStudioVersion = 17.6.33815.320
MinimumVisualStudioVersion = 10.0.40219.1
Project("{FAE04EC0-301F-11D3-BF4B-00C04F79EFBC}") = "1-TwoDimArray", "1-TwoDimArray\1-TwoDimArray.csproj", "{11F2DE46-86DE-4F40-9D77-F1E97F79D676}"
EndProject
Project("{FAE04EC0-301F-11D3-BF4B-00C04F79EFBC}") = "2-LibraryControl", "2-LibraryControl\2-LibraryControl.csproj", "{4A8F478C-C779-4B1A-9971-72FBE636686E}"
EndProject
Project("{FAE04EC0-301F-11D3-BF4B-00C04F79EFBC}") = "3-LinkedArrays", "3-LinkedArrays\3-LinkedArrays.csproj", "{F2ABAC24-284E-4B9D-8A01-B411EBF2F103}"
EndProject
Project("{FAE04EC0-301F-11D3-BF4B-00C04F79EFBC}") = "4-ArrayExtend", "4-ArrayExtend\4-ArrayExtend.csproj", "{2BB4FE6E-6013-474D-96DE-6E91F50BDB05}"
EndProject
Global
	GlobalSection(SolutionConfigurationPlatforms) = preSolution
		Debug|Any CPU = Debug|Any CPU
		Release|Any CPU = Release|Any CPU
	EndGlobalSection
	GlobalSection(ProjectConfigurationPlatforms) = postSolution
		{11F2DE46-86DE-4F40-9D77-F1E97F79D676}.Debug|Any CPU.ActiveCfg = Debug|Any CPU
		{11F2DE46-86DE-4F40-9D77-F1E97F79D676}.Debug|Any CPU.Build.0 = Debug|Any CPU
		{11F2DE46-86DE-4F40-9D77-F1E97F79D676}.Release|Any CPU.ActiveCfg = Release|Any CPU
		{11F2DE46-86DE-4F40-9D77-F1E97F79D676}.Release|Any CPU.Build.0 = Release|Any CPU
		{4A8F478C-C779-4B1A-9971-72FBE636686E}.Debug|Any CPU.ActiveCfg = Debug|Any CPU
		{4A8F478C-C779-4B1A-9971-72FBE636686E}.Debug|Any CPU.Build.0 = Debug|Any CPU
		{4A8F478C-C779-4B1A-9971-72FBE636686E}.Release|Any CPU.ActiveCfg = Release|Any CPU
		{4A8F478C-C779-4B1A-9971-72FBE636686E}.Release|Any CPU.Build.0 = Release|Any CPU
		{F2ABAC24-284E-4B9D-8A01-B411EBF2F103}.Debug|Any CPU.ActiveCfg = Debug|Any CPU
		{F2ABAC24-284E-4B9D-8A01-B411EBF2F103}.Debug|Any CPU.Build.0 = Debug|Any CPU
		{F2ABAC24-284E-4B9D-8A01-B411EBF2F103}.Release|Any CPU.ActiveCfg = Release|Any CPU
		{F2ABAC24-284E-4B9D-8A01-B411EBF2F103}.Release|Any CPU.Build.0 = Release|Any CPU
		{2BB4FE6E-6013-474D-96DE-6E91F50BDB05}.Debug|Any CPU.ActiveCfg = Debug|Any CPU
		{2BB4FE6E-6013-474D-96DE-6E91F50BDB05}.Debug|Any CPU.Build.0 = Debug|Any CPU
		{2BB4FE6E-6013-474D-96DE-6E91F50BDB05}.Release|Any CPU.ActiveCfg = Release|Any CPU
		{2BB4FE6E-6013-474D-96DE-6E91F50BDB05}.Release|Any CPU.Build.0 = Release|Any CPU
	EndGlobalSection
	GlobalSection(SolutionProperties) = preSolution
		HideSolutionNode = FALSE
	EndGlobalSection
	GlobalSection(ExtensibilityGlobals) = postSolution
		SolutionGuid = {A56A9E76-43EF-4171-A36E-40CE406D0B20}
	EndGlobalSection
EndGlobal
